# THIS IS AN AUTOGENERATED FILE. DO NOT EDIT THIS FILE DIRECTLY.
# yarn lockfile v1


"@types/node@^20.6.2":
  version "20.6.2"
  resolved "https://registry.yarnpkg.com/@types/node/-/node-20.6.2.tgz#a065925409f59657022e9063275cd0b9bd7e1b12"
  integrity sha512-Y+/1vGBHV/cYk6OI1Na/LHzwnlNCAfU3ZNGrc1LdRe/LAIbdDPTTv/HU3M7yXN448aTVDq3eKRm2cg7iKLb8gw==
